// !$*UTF8*$!
{
	archiveVersion = 1;
	classes = {
	};
	objectVersion = 46;
	objects = {

/* Begin PBXBuildFile section */
		353977651BF00B50002D71ED /* bst.c in Sources */ = {isa = PBXBuildFile; fileRef = 353977611BF00B50002D71ED /* bst.c */; };
		353977661BF00B50002D71ED /* compare.c in Sources */ = {isa = PBXBuildFile; fileRef = 353977631BF00B50002D71ED /* compare.c */; };
		353977671BF00B50002D71ED /* main.c in Sources */ = {isa = PBXBuildFile; fileRef = 353977641BF00B50002D71ED /* main.c */; };
/* End PBXBuildFile section */

/* Begin PBXCopyFilesBuildPhase section */
		353977551BF00A33002D71ED /* CopyFiles */ = {
			isa = PBXCopyFilesBuildPhase;
			buildActionMask = 2147483647;
			dstPath = /usr/share/man/man1/;
			dstSubfolderSpec = 0;
			files = (
			);
			runOnlyForDeploymentPostprocessing = 1;
		};
/* End PBXCopyFilesBuildPhase section */

/* Begin PBXFileReference section */
		353977571BF00A33002D71ED /* assignment-4 */ = {isa = PBXFileReference; explicitFileType = "compiled.mach-o.executable"; includeInIndex = 0; path = "assignment-4"; sourceTree = BUILT_PRODUCTS_DIR; };
		353977611BF00B50002D71ED /* bst.c */ = {isa = PBXFileReference; fileEncoding = 4; lastKnownFileType = sourcecode.c.c; name = bst.c; path = posted/bst.c; sourceTree = "<group>"; };
		353977621BF00B50002D71ED /* bst.h */ = {isa = PBXFileReference; fileEncoding = 4; lastKnownFileType = sourcecode.c.h; name = bst.h; path = posted/bst.h; sourceTree = "<group>"; };
		353977631BF00B50002D71ED /* compare.c */ = {isa = PBXFileReference; fileEncoding = 4; lastKnownFileType = sourcecode.c.c; name = compare.c; path = posted/compare.c; sourceTree = "<group>"; };
		353977641BF00B50002D71ED /* main.c */ = {isa = PBXFileReference; fileEncoding = 4; lastKnownFileType = sourcecode.c.c; name = main.c; path = posted/main.c; sourceTree = "<group>"; };
		353977681BF05AA8002D71ED /* structs.h */ = {isa = PBXFileReference; fileEncoding = 4; lastKnownFileType = sourcecode.c.h; name = structs.h; path = posted/structs.h; sourceTree = "<group>"; };
/* End PBXFileReference section */

/* Begin PBXFrameworksBuildPhase section */
		353977541BF00A33002D71ED /* Frameworks */ = {
			isa = PBXFrameworksBuildPhase;
			buildActionMask = 2147483647;
			files = (
			);
			runOnlyForDeploymentPostprocessing = 0;
		};
/* End PBXFrameworksBuildPhase section */

/* Begin PBXGroup section */
		3539774E1BF00A33002D71ED = {
			isa = PBXGroup;
			children = (
				353977591BF00A33002D71ED /* assignment-4 */,
				353977581BF00A33002D71ED /* Products */,
			);
			sourceTree = "<group>";
		};
		353977581BF00A33002D71ED /* Products */ = {
			isa = PBXGroup;
			children = (
				353977571BF00A33002D71ED /* assignment-4 */,
			);
			name = Products;
			sourceTree = "<group>";
		};
		353977591BF00A33002D71ED /* assignment-4 */ = {
			isa = PBXGroup;
			children = (
				353977611BF00B50002D71ED /* bst.c */,
				353977631BF00B50002D71ED /* compare.c */,
				353977681BF05AA8002D71ED /* structs.h */,
				353977621BF00B50002D71ED /* bst.h */,
				353977641BF00B50002D71ED /* main.c */,
			);
			path = "assignment-4";
			sourceTree = "<group>";
		};
/* End PBXGroup section */

/* Begin PBXNativeTarget section */
		353977561BF00A33002D71ED /* assignment-4 */ = {
			isa = PBXNativeTarget;
			buildConfigurationList = 3539775E1BF00A33002D71ED /* Build configuration list for PBXNativeTarget "assignment-4" */;
			buildPhases = (
				353977531BF00A33002D71ED /* Sources */,
				353977541BF00A33002D71ED /* Frameworks */,
				353977551BF00A33002D71ED /* CopyFiles */,
			);
			buildRules = (
			);
			dependencies = (
			);
			name = "assignment-4";
			productName = "assignment-4";
			productReference = 353977571BF00A33002D71ED /* assignment-4 */;
			productType = "com.apple.product-type.tool";
		};
/* End PBXNativeTarget section */

/* Begin PBXProject section */
		3539774F1BF00A33002D71ED /* Project object */ = {
			isa = PBXProject;
			attributes = {
				LastUpgradeCheck = 0710;
				ORGANIZATIONNAME = "Dane Schoonover";
				TargetAttributes = {
					353977561BF00A33002D71ED = {
						CreatedOnToolsVersion = 7.1;
					};
				};
			};
			buildConfigurationList = 353977521BF00A33002D71ED /* Build configuration list for PBXProject "assignment-4" */;
			compatibilityVersion = "Xcode 3.2";
			developmentRegion = English;
			hasScannedForEncodings = 0;
			knownRegions = (
				en,
			);
			mainGroup = 3539774E1BF00A33002D71ED;
			productRefGroup = 353977581BF00A33002D71ED /* Products */;
			projectDirPath = "";
			projectRoot = "";
			targets = (
				353977561BF00A33002D71ED /* assignment-4 */,
			);
		};
/* End PBXProject section */

/* Begin PBXSourcesBuildPhase section */
		353977531BF00A33002D71ED /* Sources */ = {
			isa = PBXSourcesBuildPhase;
			buildActionMask = 2147483647;
			files = (
				353977671BF00B50002D71ED /* main.c in Sources */,
				353977661BF00B50002D71ED /* compare.c in Sources */,
				353977651BF00B50002D71ED /* bst.c in Sources */,
			);
			runOnlyForDeploymentPostprocessing = 0;
		};
/* End PBXSourcesBuildPhase section */

/* Begin XCBuildConfiguration section */
		3539775C1BF00A33002D71ED /* Debug */ = {
			isa = XCBuildConfiguration;
			buildSettings = {
				ALWAYS_SEARCH_USER_PATHS = NO;
				CLANG_CXX_LANGUAGE_STANDARD = "gnu++0x";
				CLANG_CXX_LIBRARY = "libc++";
				CLANG_ENABLE_MODULES = YES;
				CLANG_ENABLE_OBJC_ARC = YES;
				CLANG_WARN_BOOL_CONVERSION = YES;
				CLANG_WARN_CONSTANT_CONVERSION = YES;
				CLANG_WARN_DIRECT_OBJC_ISA_USAGE = YES_ERROR;
				CLANG_WARN_EMPTY_BODY = YES;
				CLANG_WARN_ENUM_CONVERSION = YES;
				CLANG_WARN_INT_CONVERSION = YES;
				CLANG_WARN_OBJC_ROOT_CLASS = YES_ERROR;
				CLANG_WARN_UNREACHABLE_CODE = YES;
				CLANG_WARN__DUPLICATE_METHOD_MATCH = YES;
				CODE_SIGN_IDENTITY = "-";
				COPY_PHASE_STRIP = NO;
				DEBUG_INFORMATION_FORMAT = dwarf;
				ENABLE_STRICT_OBJC_MSGSEND = YES;
				ENABLE_TESTABILITY = YES;
				GCC_C_LANGUAGE_STANDARD = gnu99;
				GCC_DYNAMIC_NO_PIC = NO;
				GCC_NO_COMMON_BLOCKS = YES;
				GCC_OPTIMIZATION_LEVEL = 0;
				GCC_PREPROCESSOR_DEFINITIONS = (
					"DEBUG=1",
					"$(inherited)",
				);
				GCC_WARN_64_TO_32_BIT_CONVERSION = YES;
				GCC_WARN_ABOUT_RETURN_TYPE = YES_ERROR;
				GCC_WARN_UNDECLARED_SELECTOR = YES;
				GCC_WARN_UNINITIALIZED_AUTOS = YES_AGGRESSIVE;
				GCC_WARN_UNUSED_FUNCTION = YES;
				GCC_WARN_UNUSED_VARIABLE = YES;
				MACOSX_DEPLOYMENT_TARGET = 10.11;
				MTL_ENABLE_DEBUG_INFO = YES;
				ONLY_ACTIVE_ARCH = YES;
				SDKROOT = macosx;
			};
			name = Debug;
		};
		3539775D1BF00A33002D71ED /* Release */ = {
			isa = XCBuildConfiguration;
			buildSettings = {
				ALWAYS_SEARCH_USER_PATHS = NO;
				CLANG_CXX_LANGUAGE_STANDARD = "gnu++0x";
				CLANG_CXX_LIBRARY = "libc++";
				CLANG_ENABLE_MODULES = YES;
				CLANG_ENABLE_OBJC_ARC = YES;
				CLANG_WARN_BOOL_CONVERSION = YES;
				CLANG_WARN_CONSTANT_CONVERSION = YES;
				CLANG_WARN_DIRECT_OBJC_ISA_USAGE = YES_ERROR;
				CLANG_WARN_EMPTY_BODY = YES;
				CLANG_WARN_ENUM_CONVERSION = YES;
				CLANG_WARN_INT_CONVERSION = YES;
				CLANG_WARN_OBJC_ROOT_CLASS = YES_ERROR;
				CLANG_WARN_UNREACHABLE_CODE = YES;
				CLANG_WARN__DUPLICATE_METHOD_MATCH = YES;
				CODE_SIGN_IDENTITY = "-";
				COPY_PHASE_STRIP = NO;
				DEBUG_INFORMATION_FORMAT = "dwarf-with-dsym";
				ENABLE_NS_ASSERTIONS = NO;
				ENABLE_STRICT_OBJC_MSGSEND = YES;
				GCC_C_LANGUAGE_STANDARD = gnu99;
				GCC_NO_COMMON_BLOCKS = YES;
				GCC_WARN_64_TO_32_BIT_CONVERSION = YES;
				GCC_WARN_ABOUT_RETURN_TYPE = YES_ERROR;
				GCC_WARN_UNDECLARED_SELECTOR = YES;
				GCC_WARN_UNINITIALIZED_AUTOS = YES_AGGRESSIVE;
				GCC_WARN_UNUSED_FUNCTION = YES;
				GCC_WARN_UNUSED_VARIABLE = YES;
				MACOSX_DEPLOYMENT_TARGET = 10.11;
				MTL_ENABLE_DEBUG_INFO = NO;
				SDKROOT = macosx;
			};
			name = Release;
		};
		3539775F1BF00A33002D71ED /* Debug */ = {
			isa = XCBuildConfiguration;
			buildSettings = {
				PRODUCT_NAME = "$(TARGET_NAME)";
			};
			name = Debug;
		};
		353977601BF00A33002D71ED /* Release */ = {
			isa = XCBuildConfiguration;
			buildSettings = {
				PRODUCT_NAME = "$(TARGET_NAME)";
			};
			name = Release;
		};
/* End XCBuildConfiguration section */

/* Begin XCConfigurationList section */
		353977521BF00A33002D71ED /* Build configuration list for PBXProject "assignment-4" */ = {
			isa = XCConfigurationList;
			buildConfigurations = (
				3539775C1BF00A33002D71ED /* Debug */,
				3539775D1BF00A33002D71ED /* Release */,
			);
			defaultConfigurationIsVisible = 0;
			defaultConfigurationName = Release;
		};
		3539775E1BF00A33002D71ED /* Build configuration list for PBXNativeTarget "assignment-4" */ = {
			isa = XCConfigurationList;
			buildConfigurations = (
				3539775F1BF00A33002D71ED /* Debug */,
				353977601BF00A33002D71ED /* Release */,
			);
			defaultConfigurationIsVisible = 0;
			defaultConfigurationName = Release;
		};
/* End XCConfigurationList section */
	};
	rootObject = 3539774F1BF00A33002D71ED /* Project object */;
}
